
Microsoft Visual Studio Solution File, Format Version 12.00
# Visual Studio 14
VisualStudioVersion = 14.0.25420.1
MinimumVisualStudioVersion = 10.0.40219.1
Project("{2150E333-8FDC-42A3-9474-1A3956D46DE8}") = "1.App", "1.App", "{043BF3DC-71A4-49DB-8A95-48956A14BE40}"
EndProject
Project("{2150E333-8FDC-42A3-9474-1A3956D46DE8}") = "2.Research", "2.Research", "{06830160-18DD-4A84-AC6F-40573829C703}"
EndProject
Project("{2150E333-8FDC-42A3-9474-1A3956D46DE8}") = "3.Core", "3.Core", "{7A458AF3-1935-4E66-8AE6-424EC28730A9}"
EndProject
Project("{2150E333-8FDC-42A3-9474-1A3956D46DE8}") = "2.Providers", "2.Providers", "{EBC2B240-66BF-4396-8E4D-C512D946F5F6}"
EndProject
Project("{2150E333-8FDC-42A3-9474-1A3956D46DE8}") = "1.Api", "1.Api", "{7056CEC5-42F8-4251-B062-2C33143F258E}"
EndProject
Project("{2150E333-8FDC-42A3-9474-1A3956D46DE8}") = "4.Common", "4.Common", "{977D13D1-3DA4-4D9F-B8EE-249C9C479D94}"
EndProject
Project("{2150E333-8FDC-42A3-9474-1A3956D46DE8}") = "5.Tests", "5.Tests", "{20E7A50B-8A1A-44A9-8149-3F76D9C7A847}"
EndProject
Project("{FAE04EC0-301F-11D3-BF4B-00C04F79EFBC}") = "wallchat.Model", "wallchat.Model\wallchat.Model.csproj", "{7792D74C-5C8C-42AF-9FEC-75908170FC3F}"
EndProject
Project("{FAE04EC0-301F-11D3-BF4B-00C04F79EFBC}") = "wallchat.DAL", "wallchat.DAL\wallchat.DAL.csproj", "{985DA05E-D271-47ED-967D-5803716A687F}"
EndProject
Project("{FAE04EC0-301F-11D3-BF4B-00C04F79EFBC}") = "wallchat.Repository", "wallchat.Repository\wallchat.Repository.csproj", "{0CD93B47-872E-454A-BE61-8089A9B3F6B5}"
EndProject
Project("{FAE04EC0-301F-11D3-BF4B-00C04F79EFBC}") = "wallchat.Service", "wallchat.Service\wallchat.Service.csproj", "{A46696CD-EFF6-4ABA-A786-C235943FE63E}"
EndProject
Project("{FAE04EC0-301F-11D3-BF4B-00C04F79EFBC}") = "wallchat.Api", "wallchat.Api\wallchat.Api.csproj", "{A46B9C97-027D-4009-A1D8-4A6F70612021}"
EndProject
Project("{FAE04EC0-301F-11D3-BF4B-00C04F79EFBC}") = "wallchat.CustomProvider", "wallchat.CustomProvider\wallchat.CustomProvider.csproj", "{585C6350-B3BD-4C17-8B73-D554FD492D5D}"
EndProject
Project("{FAE04EC0-301F-11D3-BF4B-00C04F79EFBC}") = "wallchat.Helpers", "wallchat.Helpers\wallchat.Helpers.csproj", "{52B09684-2134-4C2E-A87D-C74902CE7AD5}"
EndProject
Global
	GlobalSection(SolutionConfigurationPlatforms) = preSolution
		Debug|Any CPU = Debug|Any CPU
		Release|Any CPU = Release|Any CPU
	EndGlobalSection
	GlobalSection(ProjectConfigurationPlatforms) = postSolution
		{7792D74C-5C8C-42AF-9FEC-75908170FC3F}.Debug|Any CPU.ActiveCfg = Debug|Any CPU
		{7792D74C-5C8C-42AF-9FEC-75908170FC3F}.Debug|Any CPU.Build.0 = Debug|Any CPU
		{7792D74C-5C8C-42AF-9FEC-75908170FC3F}.Release|Any CPU.ActiveCfg = Release|Any CPU
		{7792D74C-5C8C-42AF-9FEC-75908170FC3F}.Release|Any CPU.Build.0 = Release|Any CPU
		{985DA05E-D271-47ED-967D-5803716A687F}.Debug|Any CPU.ActiveCfg = Debug|Any CPU
		{985DA05E-D271-47ED-967D-5803716A687F}.Debug|Any CPU.Build.0 = Debug|Any CPU
		{985DA05E-D271-47ED-967D-5803716A687F}.Release|Any CPU.ActiveCfg = Release|Any CPU
		{985DA05E-D271-47ED-967D-5803716A687F}.Release|Any CPU.Build.0 = Release|Any CPU
		{0CD93B47-872E-454A-BE61-8089A9B3F6B5}.Debug|Any CPU.ActiveCfg = Debug|Any CPU
		{0CD93B47-872E-454A-BE61-8089A9B3F6B5}.Debug|Any CPU.Build.0 = Debug|Any CPU
		{0CD93B47-872E-454A-BE61-8089A9B3F6B5}.Release|Any CPU.ActiveCfg = Release|Any CPU
		{0CD93B47-872E-454A-BE61-8089A9B3F6B5}.Release|Any CPU.Build.0 = Release|Any CPU
		{A46696CD-EFF6-4ABA-A786-C235943FE63E}.Debug|Any CPU.ActiveCfg = Debug|Any CPU
		{A46696CD-EFF6-4ABA-A786-C235943FE63E}.Debug|Any CPU.Build.0 = Debug|Any CPU
		{A46696CD-EFF6-4ABA-A786-C235943FE63E}.Release|Any CPU.ActiveCfg = Release|Any CPU
		{A46696CD-EFF6-4ABA-A786-C235943FE63E}.Release|Any CPU.Build.0 = Release|Any CPU
		{A46B9C97-027D-4009-A1D8-4A6F70612021}.Debug|Any CPU.ActiveCfg = Debug|Any CPU
		{A46B9C97-027D-4009-A1D8-4A6F70612021}.Debug|Any CPU.Build.0 = Debug|Any CPU
		{A46B9C97-027D-4009-A1D8-4A6F70612021}.Release|Any CPU.ActiveCfg = Release|Any CPU
		{A46B9C97-027D-4009-A1D8-4A6F70612021}.Release|Any CPU.Build.0 = Release|Any CPU
		{585C6350-B3BD-4C17-8B73-D554FD492D5D}.Debug|Any CPU.ActiveCfg = Debug|Any CPU
		{585C6350-B3BD-4C17-8B73-D554FD492D5D}.Debug|Any CPU.Build.0 = Debug|Any CPU
		{585C6350-B3BD-4C17-8B73-D554FD492D5D}.Release|Any CPU.ActiveCfg = Release|Any CPU
		{585C6350-B3BD-4C17-8B73-D554FD492D5D}.Release|Any CPU.Build.0 = Release|Any CPU
		{52B09684-2134-4C2E-A87D-C74902CE7AD5}.Debug|Any CPU.ActiveCfg = Debug|Any CPU
		{52B09684-2134-4C2E-A87D-C74902CE7AD5}.Debug|Any CPU.Build.0 = Debug|Any CPU
		{52B09684-2134-4C2E-A87D-C74902CE7AD5}.Release|Any CPU.ActiveCfg = Release|Any CPU
		{52B09684-2134-4C2E-A87D-C74902CE7AD5}.Release|Any CPU.Build.0 = Release|Any CPU
	EndGlobalSection
	GlobalSection(SolutionProperties) = preSolution
		HideSolutionNode = FALSE
	EndGlobalSection
	GlobalSection(NestedProjects) = preSolution
		{7A458AF3-1935-4E66-8AE6-424EC28730A9} = {043BF3DC-71A4-49DB-8A95-48956A14BE40}
		{EBC2B240-66BF-4396-8E4D-C512D946F5F6} = {043BF3DC-71A4-49DB-8A95-48956A14BE40}
		{7056CEC5-42F8-4251-B062-2C33143F258E} = {043BF3DC-71A4-49DB-8A95-48956A14BE40}
		{977D13D1-3DA4-4D9F-B8EE-249C9C479D94} = {043BF3DC-71A4-49DB-8A95-48956A14BE40}
		{20E7A50B-8A1A-44A9-8149-3F76D9C7A847} = {043BF3DC-71A4-49DB-8A95-48956A14BE40}
		{7792D74C-5C8C-42AF-9FEC-75908170FC3F} = {7A458AF3-1935-4E66-8AE6-424EC28730A9}
		{985DA05E-D271-47ED-967D-5803716A687F} = {7A458AF3-1935-4E66-8AE6-424EC28730A9}
		{0CD93B47-872E-454A-BE61-8089A9B3F6B5} = {7A458AF3-1935-4E66-8AE6-424EC28730A9}
		{A46696CD-EFF6-4ABA-A786-C235943FE63E} = {7A458AF3-1935-4E66-8AE6-424EC28730A9}
		{A46B9C97-027D-4009-A1D8-4A6F70612021} = {7056CEC5-42F8-4251-B062-2C33143F258E}
		{585C6350-B3BD-4C17-8B73-D554FD492D5D} = {EBC2B240-66BF-4396-8E4D-C512D946F5F6}
		{52B09684-2134-4C2E-A87D-C74902CE7AD5} = {977D13D1-3DA4-4D9F-B8EE-249C9C479D94}
	EndGlobalSection
EndGlobal
